// !$*UTF8*$!
{
	archiveVersion = 1;
	classes = {
	};
	objectVersion = 56;
	objects = {

/* Begin PBXBuildFile section */
		AD6679B0290570EF004522D5 /* CourseCell.swift in Sources */ = {isa = PBXBuildFile; fileRef = AD6679AF290570EF004522D5 /* CourseCell.swift */; };
		AD6679B229057915004522D5 /* DataManager.swift in Sources */ = {isa = PBXBuildFile; fileRef = AD6679B129057915004522D5 /* DataManager.swift */; };
		ADF6C64C2904134300676948 /* AppDelegate.swift in Sources */ = {isa = PBXBuildFile; fileRef = ADF6C64B2904134300676948 /* AppDelegate.swift */; };
		ADF6C64E2904134300676948 /* SceneDelegate.swift in Sources */ = {isa = PBXBuildFile; fileRef = ADF6C64D2904134300676948 /* SceneDelegate.swift */; };
		ADF6C6502904134300676948 /* CourseListViewController.swift in Sources */ = {isa = PBXBuildFile; fileRef = ADF6C64F2904134300676948 /* CourseListViewController.swift */; };
		ADF6C6532904134300676948 /* Main.storyboard in Resources */ = {isa = PBXBuildFile; fileRef = ADF6C6512904134300676948 /* Main.storyboard */; };
		ADF6C6552904134300676948 /* Assets.xcassets in Resources */ = {isa = PBXBuildFile; fileRef = ADF6C6542904134300676948 /* Assets.xcassets */; };
		ADF6C6582904134300676948 /* LaunchScreen.storyboard in Resources */ = {isa = PBXBuildFile; fileRef = ADF6C6562904134300676948 /* LaunchScreen.storyboard */; };
		ADF6C66829041A6C00676948 /* Course.swift in Sources */ = {isa = PBXBuildFile; fileRef = ADF6C66729041A6C00676948 /* Course.swift */; };
		ADF6C66A29041DC100676948 /* NetworkManager.swift in Sources */ = {isa = PBXBuildFile; fileRef = ADF6C66929041DC100676948 /* NetworkManager.swift */; };
		ADF6C66C290551F200676948 /* CourseDetailsViewController.swift in Sources */ = {isa = PBXBuildFile; fileRef = ADF6C66B290551F200676948 /* CourseDetailsViewController.swift */; };
/* End PBXBuildFile section */

/* Begin PBXFileReference section */
		AD6679AF290570EF004522D5 /* CourseCell.swift */ = {isa = PBXFileReference; lastKnownFileType = sourcecode.swift; path = CourseCell.swift; sourceTree = "<group>"; };
		AD6679B129057915004522D5 /* DataManager.swift */ = {isa = PBXFileReference; lastKnownFileType = sourcecode.swift; path = DataManager.swift; sourceTree = "<group>"; };
		ADF6C6482904134300676948 /* CoursesApp.app */ = {isa = PBXFileReference; explicitFileType = wrapper.application; includeInIndex = 0; path = CoursesApp.app; sourceTree = BUILT_PRODUCTS_DIR; };
		ADF6C64B2904134300676948 /* AppDelegate.swift */ = {isa = PBXFileReference; lastKnownFileType = sourcecode.swift; path = AppDelegate.swift; sourceTree = "<group>"; };
		ADF6C64D2904134300676948 /* SceneDelegate.swift */ = {isa = PBXFileReference; lastKnownFileType = sourcecode.swift; path = SceneDelegate.swift; sourceTree = "<group>"; };
		ADF6C64F2904134300676948 /* CourseListViewController.swift */ = {isa = PBXFileReference; lastKnownFileType = sourcecode.swift; path = CourseListViewController.swift; sourceTree = "<group>"; };
		ADF6C6522904134300676948 /* Base */ = {isa = PBXFileReference; lastKnownFileType = file.storyboard; name = Base; path = Base.lproj/Main.storyboard; sourceTree = "<group>"; };
		ADF6C6542904134300676948 /* Assets.xcassets */ = {isa = PBXFileReference; lastKnownFileType = folder.assetcatalog; path = Assets.xcassets; sourceTree = "<group>"; };
		ADF6C6572904134300676948 /* Base */ = {isa = PBXFileReference; lastKnownFileType = file.storyboard; name = Base; path = Base.lproj/LaunchScreen.storyboard; sourceTree = "<group>"; };
		ADF6C6592904134300676948 /* Info.plist */ = {isa = PBXFileReference; lastKnownFileType = text.plist.xml; path = Info.plist; sourceTree = "<group>"; };
		ADF6C66729041A6C00676948 /* Course.swift */ = {isa = PBXFileReference; lastKnownFileType = sourcecode.swift; path = Course.swift; sourceTree = "<group>"; };
		ADF6C66929041DC100676948 /* NetworkManager.swift */ = {isa = PBXFileReference; lastKnownFileType = sourcecode.swift; path = NetworkManager.swift; sourceTree = "<group>"; };
		ADF6C66B290551F200676948 /* CourseDetailsViewController.swift */ = {isa = PBXFileReference; lastKnownFileType = sourcecode.swift; path = CourseDetailsViewController.swift; sourceTree = "<group>"; };
/* End PBXFileReference section */

/* Begin PBXFrameworksBuildPhase section */
		ADF6C6452904134300676948 /* Frameworks */ = {
			isa = PBXFrameworksBuildPhase;
			buildActionMask = 2147483647;
			files = (
			);
			runOnlyForDeploymentPostprocessing = 0;
		};
/* End PBXFrameworksBuildPhase section */

/* Begin PBXGroup section */
		ADF6C63F2904134300676948 = {
			isa = PBXGroup;
			children = (
				ADF6C64A2904134300676948 /* CoursesApp */,
				ADF6C6492904134300676948 /* Products */,
			);
			sourceTree = "<group>";
		};
		ADF6C6492904134300676948 /* Products */ = {
			isa = PBXGroup;
			children = (
				ADF6C6482904134300676948 /* CoursesApp.app */,
			);
			name = Products;
			sourceTree = "<group>";
		};
		ADF6C64A2904134300676948 /* CoursesApp */ = {
			isa = PBXGroup;
			children = (
				ADF6C6652904195300676948 /* Models */,
				ADF6C6642904194700676948 /* Services */,
				ADF6C663290418F700676948 /* CourseDetails */,
				ADF6C661290418C000676948 /* App */,
				ADF6C662290418E900676948 /* CourseList */,
				ADF6C65F2904184B00676948 /* Storyboard */,
				ADF6C6602904188A00676948 /* Resources */,
			);
			path = CoursesApp;
			sourceTree = "<group>";
		};
		ADF6C65F2904184B00676948 /* Storyboard */ = {
			isa = PBXGroup;
			children = (
				ADF6C6512904134300676948 /* Main.storyboard */,
				ADF6C6562904134300676948 /* LaunchScreen.storyboard */,
			);
			path = Storyboard;
			sourceTree = "<group>";
		};
		ADF6C6602904188A00676948 /* Resources */ = {
			isa = PBXGroup;
			children = (
				ADF6C6542904134300676948 /* Assets.xcassets */,
			);
			path = Resources;
			sourceTree = "<group>";
		};
		ADF6C661290418C000676948 /* App */ = {
			isa = PBXGroup;
			children = (
				ADF6C64B2904134300676948 /* AppDelegate.swift */,
				ADF6C64D2904134300676948 /* SceneDelegate.swift */,
				ADF6C6592904134300676948 /* Info.plist */,
			);
			path = App;
			sourceTree = "<group>";
		};
		ADF6C662290418E900676948 /* CourseList */ = {
			isa = PBXGroup;
			children = (
				ADF6C64F2904134300676948 /* CourseListViewController.swift */,
				ADF6C6662904196E00676948 /* CourceCell */,
			);
			path = CourseList;
			sourceTree = "<group>";
		};
		ADF6C663290418F700676948 /* CourseDetails */ = {
			isa = PBXGroup;
			children = (
				ADF6C66B290551F200676948 /* CourseDetailsViewController.swift */,
			);
			path = CourseDetails;
			sourceTree = "<group>";
		};
		ADF6C6642904194700676948 /* Services */ = {
			isa = PBXGroup;
			children = (
				ADF6C66929041DC100676948 /* NetworkManager.swift */,
				AD6679B129057915004522D5 /* DataManager.swift */,
			);
			path = Services;
			sourceTree = "<group>";
		};
		ADF6C6652904195300676948 /* Models */ = {
			isa = PBXGroup;
			children = (
				ADF6C66729041A6C00676948 /* Course.swift */,
			);
			path = Models;
			sourceTree = "<group>";
		};
		ADF6C6662904196E00676948 /* CourceCell */ = {
			isa = PBXGroup;
			children = (
				AD6679AF290570EF004522D5 /* CourseCell.swift */,
			);
			path = CourceCell;
			sourceTree = "<group>";
		};
/* End PBXGroup section */

/* Begin PBXNativeTarget section */
		ADF6C6472904134300676948 /* CoursesApp */ = {
			isa = PBXNativeTarget;
			buildConfigurationList = ADF6C65C2904134300676948 /* Build configuration list for PBXNativeTarget "CoursesApp" */;
			buildPhases = (
				ADF6C6442904134300676948 /* Sources */,
				ADF6C6452904134300676948 /* Frameworks */,
				ADF6C6462904134300676948 /* Resources */,
			);
			buildRules = (
			);
			dependencies = (
			);
			name = CoursesApp;
			productName = CoursesApp;
			productReference = ADF6C6482904134300676948 /* CoursesApp.app */;
			productType = "com.apple.product-type.application";
		};
/* End PBXNativeTarget section */

/* Begin PBXProject section */
		ADF6C6402904134300676948 /* Project object */ = {
			isa = PBXProject;
			attributes = {
				BuildIndependentTargetsInParallel = 1;
				LastSwiftUpdateCheck = 1400;
				LastUpgradeCheck = 1400;
				TargetAttributes = {
					ADF6C6472904134300676948 = {
						CreatedOnToolsVersion = 14.0;
					};
				};
			};
			buildConfigurationList = ADF6C6432904134300676948 /* Build configuration list for PBXProject "CoursesApp" */;
			compatibilityVersion = "Xcode 14.0";
			developmentRegion = en;
			hasScannedForEncodings = 0;
			knownRegions = (
				en,
				Base,
			);
			mainGroup = ADF6C63F2904134300676948;
			productRefGroup = ADF6C6492904134300676948 /* Products */;
			projectDirPath = "";
			projectRoot = "";
			targets = (
				ADF6C6472904134300676948 /* CoursesApp */,
			);
		};
/* End PBXProject section */

/* Begin PBXResourcesBuildPhase section */
		ADF6C6462904134300676948 /* Resources */ = {
			isa = PBXResourcesBuildPhase;
			buildActionMask = 2147483647;
			files = (
				ADF6C6582904134300676948 /* LaunchScreen.storyboard in Resources */,
				ADF6C6552904134300676948 /* Assets.xcassets in Resources */,
				ADF6C6532904134300676948 /* Main.storyboard in Resources */,
			);
			runOnlyForDeploymentPostprocessing = 0;
		};
/* End PBXResourcesBuildPhase section */

/* Begin PBXSourcesBuildPhase section */
		ADF6C6442904134300676948 /* Sources */ = {
			isa = PBXSourcesBuildPhase;
			buildActionMask = 2147483647;
			files = (
				ADF6C66C290551F200676948 /* CourseDetailsViewController.swift in Sources */,
				AD6679B229057915004522D5 /* DataManager.swift in Sources */,
				ADF6C66829041A6C00676948 /* Course.swift in Sources */,
				ADF6C6502904134300676948 /* CourseListViewController.swift in Sources */,
				AD6679B0290570EF004522D5 /* CourseCell.swift in Sources */,
				ADF6C66A29041DC100676948 /* NetworkManager.swift in Sources */,
				ADF6C64C2904134300676948 /* AppDelegate.swift in Sources */,
				ADF6C64E2904134300676948 /* SceneDelegate.swift in Sources */,
			);
			runOnlyForDeploymentPostprocessing = 0;
		};
/* End PBXSourcesBuildPhase section */

/* Begin PBXVariantGroup section */
		ADF6C6512904134300676948 /* Main.storyboard */ = {
			isa = PBXVariantGroup;
			children = (
				ADF6C6522904134300676948 /* Base */,
			);
			name = Main.storyboard;
			sourceTree = "<group>";
		};
		ADF6C6562904134300676948 /* LaunchScreen.storyboard */ = {
			isa = PBXVariantGroup;
			children = (
				ADF6C6572904134300676948 /* Base */,
			);
			name = LaunchScreen.storyboard;
			sourceTree = "<group>";
		};
/* End PBXVariantGroup section */

/* Begin XCBuildConfiguration section */
		ADF6C65A2904134300676948 /* Debug */ = {
			isa = XCBuildConfiguration;
			buildSettings = {
				ALWAYS_SEARCH_USER_PATHS = NO;
				CLANG_ANALYZER_NONNULL = YES;
				CLANG_ANALYZER_NUMBER_OBJECT_CONVERSION = YES_AGGRESSIVE;
				CLANG_CXX_LANGUAGE_STANDARD = "gnu++20";
				CLANG_ENABLE_MODULES = YES;
				CLANG_ENABLE_OBJC_ARC = YES;
				CLANG_ENABLE_OBJC_WEAK = YES;
				CLANG_WARN_BLOCK_CAPTURE_AUTORELEASING = YES;
				CLANG_WARN_BOOL_CONVERSION = YES;
				CLANG_WARN_COMMA = YES;
				CLANG_WARN_CONSTANT_CONVERSION = YES;
				CLANG_WARN_DEPRECATED_OBJC_IMPLEMENTATIONS = YES;
				CLANG_WARN_DIRECT_OBJC_ISA_USAGE = YES_ERROR;
				CLANG_WARN_DOCUMENTATION_COMMENTS = YES;
				CLANG_WARN_EMPTY_BODY = YES;
				CLANG_WARN_ENUM_CONVERSION = YES;
				CLANG_WARN_INFINITE_RECURSION = YES;
				CLANG_WARN_INT_CONVERSION = YES;
				CLANG_WARN_NON_LITERAL_NULL_CONVERSION = YES;
				CLANG_WARN_OBJC_IMPLICIT_RETAIN_SELF = YES;
				CLANG_WARN_OBJC_LITERAL_CONVERSION = YES;
				CLANG_WARN_OBJC_ROOT_CLASS = YES_ERROR;
				CLANG_WARN_QUOTED_INCLUDE_IN_FRAMEWORK_HEADER = YES;
				CLANG_WARN_RANGE_LOOP_ANALYSIS = YES;
				CLANG_WARN_STRICT_PROTOTYPES = YES;
				CLANG_WARN_SUSPICIOUS_MOVE = YES;
				CLANG_WARN_UNGUARDED_AVAILABILITY = YES_AGGRESSIVE;
				CLANG_WARN_UNREACHABLE_CODE = YES;
				CLANG_WARN__DUPLICATE_METHOD_MATCH = YES;
				COPY_PHASE_STRIP = NO;
				DEBUG_INFORMATION_FORMAT = dwarf;
				ENABLE_STRICT_OBJC_MSGSEND = YES;
				ENABLE_TESTABILITY = YES;
				GCC_C_LANGUAGE_STANDARD = gnu11;
				GCC_DYNAMIC_NO_PIC = NO;
				GCC_NO_COMMON_BLOCKS = YES;
				GCC_OPTIMIZATION_LEVEL = 0;
				GCC_PREPROCESSOR_DEFINITIONS = (
					"DEBUG=1",
					"$(inherited)",
				);
				GCC_WARN_64_TO_32_BIT_CONVERSION = YES;
				GCC_WARN_ABOUT_RETURN_TYPE = YES_ERROR;
				GCC_WARN_UNDECLARED_SELECTOR = YES;
				GCC_WARN_UNINITIALIZED_AUTOS = YES_AGGRESSIVE;
				GCC_WARN_UNUSED_FUNCTION = YES;
				GCC_WARN_UNUSED_VARIABLE = YES;
				IPHONEOS_DEPLOYMENT_TARGET = 16.0;
				MTL_ENABLE_DEBUG_INFO = INCLUDE_SOURCE;
				MTL_FAST_MATH = YES;
				ONLY_ACTIVE_ARCH = YES;
				SDKROOT = iphoneos;
				SWIFT_ACTIVE_COMPILATION_CONDITIONS = DEBUG;
				SWIFT_OPTIMIZATION_LEVEL = "-Onone";
			};
			name = Debug;
		};
		ADF6C65B2904134300676948 /* Release */ = {
			isa = XCBuildConfiguration;
			buildSettings = {
				ALWAYS_SEARCH_USER_PATHS = NO;
				CLANG_ANALYZER_NONNULL = YES;
				CLANG_ANALYZER_NUMBER_OBJECT_CONVERSION = YES_AGGRESSIVE;
				CLANG_CXX_LANGUAGE_STANDARD = "gnu++20";
				CLANG_ENABLE_MODULES = YES;
				CLANG_ENABLE_OBJC_ARC = YES;
				CLANG_ENABLE_OBJC_WEAK = YES;
				CLANG_WARN_BLOCK_CAPTURE_AUTORELEASING = YES;
				CLANG_WARN_BOOL_CONVERSION = YES;
				CLANG_WARN_COMMA = YES;
				CLANG_WARN_CONSTANT_CONVERSION = YES;
				CLANG_WARN_DEPRECATED_OBJC_IMPLEMENTATIONS = YES;
				CLANG_WARN_DIRECT_OBJC_ISA_USAGE = YES_ERROR;
				CLANG_WARN_DOCUMENTATION_COMMENTS = YES;
				CLANG_WARN_EMPTY_BODY = YES;
				CLANG_WARN_ENUM_CONVERSION = YES;
				CLANG_WARN_INFINITE_RECURSION = YES;
				CLANG_WARN_INT_CONVERSION = YES;
				CLANG_WARN_NON_LITERAL_NULL_CONVERSION = YES;
				CLANG_WARN_OBJC_IMPLICIT_RETAIN_SELF = YES;
				CLANG_WARN_OBJC_LITERAL_CONVERSION = YES;
				CLANG_WARN_OBJC_ROOT_CLASS = YES_ERROR;
				CLANG_WARN_QUOTED_INCLUDE_IN_FRAMEWORK_HEADER = YES;
				CLANG_WARN_RANGE_LOOP_ANALYSIS = YES;
				CLANG_WARN_STRICT_PROTOTYPES = YES;
				CLANG_WARN_SUSPICIOUS_MOVE = YES;
				CLANG_WARN_UNGUARDED_AVAILABILITY = YES_AGGRESSIVE;
				CLANG_WARN_UNREACHABLE_CODE = YES;
				CLANG_WARN__DUPLICATE_METHOD_MATCH = YES;
				COPY_PHASE_STRIP = NO;
				DEBUG_INFORMATION_FORMAT = "dwarf-with-dsym";
				ENABLE_NS_ASSERTIONS = NO;
				ENABLE_STRICT_OBJC_MSGSEND = YES;
				GCC_C_LANGUAGE_STANDARD = gnu11;
				GCC_NO_COMMON_BLOCKS = YES;
				GCC_WARN_64_TO_32_BIT_CONVERSION = YES;
				GCC_WARN_ABOUT_RETURN_TYPE = YES_ERROR;
				GCC_WARN_UNDECLARED_SELECTOR = YES;
				GCC_WARN_UNINITIALIZED_AUTOS = YES_AGGRESSIVE;
				GCC_WARN_UNUSED_FUNCTION = YES;
				GCC_WARN_UNUSED_VARIABLE = YES;
				IPHONEOS_DEPLOYMENT_TARGET = 16.0;
				MTL_ENABLE_DEBUG_INFO = NO;
				MTL_FAST_MATH = YES;
				SDKROOT = iphoneos;
				SWIFT_COMPILATION_MODE = wholemodule;
				SWIFT_OPTIMIZATION_LEVEL = "-O";
				VALIDATE_PRODUCT = YES;
			};
			name = Release;
		};
		ADF6C65D2904134300676948 /* Debug */ = {
			isa = XCBuildConfiguration;
			buildSettings = {
				ASSETCATALOG_COMPILER_APPICON_NAME = AppIcon;
				ASSETCATALOG_COMPILER_GLOBAL_ACCENT_COLOR_NAME = AccentColor;
				CODE_SIGN_STYLE = Automatic;
				CURRENT_PROJECT_VERSION = 1;
				GENERATE_INFOPLIST_FILE = YES;
				INFOPLIST_FILE = CoursesApp/App/Info.plist;
				INFOPLIST_KEY_UIApplicationSupportsIndirectInputEvents = YES;
				INFOPLIST_KEY_UILaunchStoryboardName = LaunchScreen;
				INFOPLIST_KEY_UIMainStoryboardFile = Main;
				INFOPLIST_KEY_UISupportedInterfaceOrientations = UIInterfaceOrientationPortrait;
				INFOPLIST_KEY_UISupportedInterfaceOrientations_iPad = "UIInterfaceOrientationLandscapeLeft UIInterfaceOrientationLandscapeRight UIInterfaceOrientationPortrait UIInterfaceOrientationPortraitUpsideDown";
				LD_RUNPATH_SEARCH_PATHS = (
					"$(inherited)",
					"@executable_path/Frameworks",
				);
				MARKETING_VERSION = 1.0;
				PRODUCT_BUNDLE_IDENTIFIER = "igor-popov.CoursesApp";
				PRODUCT_NAME = "$(TARGET_NAME)";
				SWIFT_EMIT_LOC_STRINGS = YES;
				SWIFT_VERSION = 5.0;
				TARGETED_DEVICE_FAMILY = "1,2";
			};
			name = Debug;
		};
		ADF6C65E2904134300676948 /* Release */ = {
			isa = XCBuildConfiguration;
			buildSettings = {
				ASSETCATALOG_COMPILER_APPICON_NAME = AppIcon;
				ASSETCATALOG_COMPILER_GLOBAL_ACCENT_COLOR_NAME = AccentColor;
				CODE_SIGN_STYLE = Automatic;
				CURRENT_PROJECT_VERSION = 1;
				GENERATE_INFOPLIST_FILE = YES;
				INFOPLIST_FILE = CoursesApp/App/Info.plist;
				INFOPLIST_KEY_UIApplicationSupportsIndirectInputEvents = YES;
				INFOPLIST_KEY_UILaunchStoryboardName = LaunchScreen;
				INFOPLIST_KEY_UIMainStoryboardFile = Main;
				INFOPLIST_KEY_UISupportedInterfaceOrientations = UIInterfaceOrientationPortrait;
				INFOPLIST_KEY_UISupportedInterfaceOrientations_iPad = "UIInterfaceOrientationLandscapeLeft UIInterfaceOrientationLandscapeRight UIInterfaceOrientationPortrait UIInterfaceOrientationPortraitUpsideDown";
				LD_RUNPATH_SEARCH_PATHS = (
					"$(inherited)",
					"@executable_path/Frameworks",
				);
				MARKETING_VERSION = 1.0;
				PRODUCT_BUNDLE_IDENTIFIER = "igor-popov.CoursesApp";
				PRODUCT_NAME = "$(TARGET_NAME)";
				SWIFT_EMIT_LOC_STRINGS = YES;
				SWIFT_VERSION = 5.0;
				TARGETED_DEVICE_FAMILY = "1,2";
			};
			name = Release;
		};
/* End XCBuildConfiguration section */

/* Begin XCConfigurationList section */
		ADF6C6432904134300676948 /* Build configuration list for PBXProject "CoursesApp" */ = {
			isa = XCConfigurationList;
			buildConfigurations = (
				ADF6C65A2904134300676948 /* Debug */,
				ADF6C65B2904134300676948 /* Release */,
			);
			defaultConfigurationIsVisible = 0;
			defaultConfigurationName = Release;
		};
		ADF6C65C2904134300676948 /* Build configuration list for PBXNativeTarget "CoursesApp" */ = {
			isa = XCConfigurationList;
			buildConfigurations = (
				ADF6C65D2904134300676948 /* Debug */,
				ADF6C65E2904134300676948 /* Release */,
			);
			defaultConfigurationIsVisible = 0;
			defaultConfigurationName = Release;
		};
/* End XCConfigurationList section */
	};
	rootObject = ADF6C6402904134300676948 /* Project object */;
}
